
Microsoft Visual Studio Solution File, Format Version 12.00
# Visual Studio 15
VisualStudioVersion = 15.0.28307.1209
MinimumVisualStudioVersion = 10.0.40219.1
Project("{FAE04EC0-301F-11D3-BF4B-00C04F79EFBC}") = "MarlineGUI", "MarlineGUI\MarlineGUI.csproj", "{3C415FEE-06A8-49D0-A804-4B74A0CB334C}"
EndProject
Project("{FAE04EC0-301F-11D3-BF4B-00C04F79EFBC}") = "MrlineCSharpNet", "MrlineCSharpNet\MrlineCSharpNet.csproj", "{346C097D-0135-4A85-BE31-7A931E0F3274}"
EndProject
Global
	GlobalSection(SolutionConfigurationPlatforms) = preSolution
		Debug|Any CPU = Debug|Any CPU
		Release|Any CPU = Release|Any CPU
	EndGlobalSection
	GlobalSection(ProjectConfigurationPlatforms) = postSolution
		{3C415FEE-06A8-49D0-A804-4B74A0CB334C}.Debug|Any CPU.ActiveCfg = Debug|Any CPU
		{3C415FEE-06A8-49D0-A804-4B74A0CB334C}.Debug|Any CPU.Build.0 = Debug|Any CPU
		{3C415FEE-06A8-49D0-A804-4B74A0CB334C}.Release|Any CPU.ActiveCfg = Release|Any CPU
		{3C415FEE-06A8-49D0-A804-4B74A0CB334C}.Release|Any CPU.Build.0 = Release|Any CPU
		{346C097D-0135-4A85-BE31-7A931E0F3274}.Debug|Any CPU.ActiveCfg = Debug|Any CPU
		{346C097D-0135-4A85-BE31-7A931E0F3274}.Debug|Any CPU.Build.0 = Debug|Any CPU
		{346C097D-0135-4A85-BE31-7A931E0F3274}.Release|Any CPU.ActiveCfg = Release|Any CPU
		{346C097D-0135-4A85-BE31-7A931E0F3274}.Release|Any CPU.Build.0 = Release|Any CPU
	EndGlobalSection
	GlobalSection(SolutionProperties) = preSolution
		HideSolutionNode = FALSE
	EndGlobalSection
	GlobalSection(ExtensibilityGlobals) = postSolution
		SolutionGuid = {09F689D7-DD50-46E7-862E-561A8C8992D2}
	EndGlobalSection
EndGlobal
