
Microsoft Visual Studio Solution File, Format Version 12.00
# Visual Studio 15
VisualStudioVersion = 15.0.28307.1209
MinimumVisualStudioVersion = 10.0.40219.1
Project("{FAE04EC0-301F-11D3-BF4B-00C04F79EFBC}") = "MarlinCSharp", "MarlinCSharp\MarlinCSharp.csproj", "{8D16FFA4-FF1D-431B-99BA-FD5171DDF913}"
EndProject
Global
	GlobalSection(SolutionConfigurationPlatforms) = preSolution
		Debug|Any CPU = Debug|Any CPU
		Release|Any CPU = Release|Any CPU
	EndGlobalSection
	GlobalSection(ProjectConfigurationPlatforms) = postSolution
		{8D16FFA4-FF1D-431B-99BA-FD5171DDF913}.Debug|Any CPU.ActiveCfg = Debug|Any CPU
		{8D16FFA4-FF1D-431B-99BA-FD5171DDF913}.Debug|Any CPU.Build.0 = Debug|Any CPU
		{8D16FFA4-FF1D-431B-99BA-FD5171DDF913}.Release|Any CPU.ActiveCfg = Release|Any CPU
		{8D16FFA4-FF1D-431B-99BA-FD5171DDF913}.Release|Any CPU.Build.0 = Release|Any CPU
	EndGlobalSection
	GlobalSection(SolutionProperties) = preSolution
		HideSolutionNode = FALSE
	EndGlobalSection
	GlobalSection(ExtensibilityGlobals) = postSolution
		SolutionGuid = {237BC1F2-B1A7-4779-BCEA-A5C56726BDF4}
	EndGlobalSection
EndGlobal
